
Microsoft Visual Studio Solution File, Format Version 12.00
# Visual Studio Version 17
VisualStudioVersion = 17.1.32421.90
MinimumVisualStudioVersion = 10.0.40219.1
Project("{FAE04EC0-301F-11D3-BF4B-00C04F79EFBC}") = "Composite", "Composite\Composite.csproj", "{B1AFB88E-D351-48A5-943D-E728F420BD2E}"
EndProject
Global
	GlobalSection(SolutionConfigurationPlatforms) = preSolution
		Debug|Any CPU = Debug|Any CPU
		Release|Any CPU = Release|Any CPU
	EndGlobalSection
	GlobalSection(ProjectConfigurationPlatforms) = postSolution
		{B1AFB88E-D351-48A5-943D-E728F420BD2E}.Debug|Any CPU.ActiveCfg = Debug|Any CPU
		{B1AFB88E-D351-48A5-943D-E728F420BD2E}.Debug|Any CPU.Build.0 = Debug|Any CPU
		{B1AFB88E-D351-48A5-943D-E728F420BD2E}.Release|Any CPU.ActiveCfg = Release|Any CPU
		{B1AFB88E-D351-48A5-943D-E728F420BD2E}.Release|Any CPU.Build.0 = Release|Any CPU
	EndGlobalSection
	GlobalSection(SolutionProperties) = preSolution
		HideSolutionNode = FALSE
	EndGlobalSection
	GlobalSection(ExtensibilityGlobals) = postSolution
		SolutionGuid = {B504CC8E-3227-4B2B-9D32-2D1E335FF7BE}
	EndGlobalSection
EndGlobal
