
Microsoft Visual Studio Solution File, Format Version 12.00
# Visual Studio Version 17
VisualStudioVersion = 17.2.32519.379
MinimumVisualStudioVersion = 10.0.40219.1
Project("{FAE04EC0-301F-11D3-BF4B-00C04F79EFBC}") = "Iterator", "Iterator\Iterator.csproj", "{3858A658-63AD-4FDA-BAE3-2B4F9F3B8083}"
EndProject
Global
	GlobalSection(SolutionConfigurationPlatforms) = preSolution
		Debug|Any CPU = Debug|Any CPU
		Release|Any CPU = Release|Any CPU
	EndGlobalSection
	GlobalSection(ProjectConfigurationPlatforms) = postSolution
		{3858A658-63AD-4FDA-BAE3-2B4F9F3B8083}.Debug|Any CPU.ActiveCfg = Debug|Any CPU
		{3858A658-63AD-4FDA-BAE3-2B4F9F3B8083}.Debug|Any CPU.Build.0 = Debug|Any CPU
		{3858A658-63AD-4FDA-BAE3-2B4F9F3B8083}.Release|Any CPU.ActiveCfg = Release|Any CPU
		{3858A658-63AD-4FDA-BAE3-2B4F9F3B8083}.Release|Any CPU.Build.0 = Release|Any CPU
	EndGlobalSection
	GlobalSection(SolutionProperties) = preSolution
		HideSolutionNode = FALSE
	EndGlobalSection
	GlobalSection(ExtensibilityGlobals) = postSolution
		SolutionGuid = {2984A3C6-A9E5-436B-93F2-F7CDE09498FA}
	EndGlobalSection
EndGlobal
