
Microsoft Visual Studio Solution File, Format Version 12.00
# Visual Studio Version 17
VisualStudioVersion = 17.1.32421.90
MinimumVisualStudioVersion = 10.0.40219.1
Project("{FAE04EC0-301F-11D3-BF4B-00C04F79EFBC}") = "Builder", "Builder\Builder.csproj", "{B0308AF9-022B-44FB-B098-C19F9167AF1C}"
EndProject
Global
	GlobalSection(SolutionConfigurationPlatforms) = preSolution
		Debug|Any CPU = Debug|Any CPU
		Release|Any CPU = Release|Any CPU
	EndGlobalSection
	GlobalSection(ProjectConfigurationPlatforms) = postSolution
		{B0308AF9-022B-44FB-B098-C19F9167AF1C}.Debug|Any CPU.ActiveCfg = Debug|Any CPU
		{B0308AF9-022B-44FB-B098-C19F9167AF1C}.Debug|Any CPU.Build.0 = Debug|Any CPU
		{B0308AF9-022B-44FB-B098-C19F9167AF1C}.Release|Any CPU.ActiveCfg = Release|Any CPU
		{B0308AF9-022B-44FB-B098-C19F9167AF1C}.Release|Any CPU.Build.0 = Release|Any CPU
	EndGlobalSection
	GlobalSection(SolutionProperties) = preSolution
		HideSolutionNode = FALSE
	EndGlobalSection
	GlobalSection(ExtensibilityGlobals) = postSolution
		SolutionGuid = {E37125C1-CAB9-49B7-82A4-30C3C4280EB6}
	EndGlobalSection
EndGlobal
