
Microsoft Visual Studio Solution File, Format Version 12.00
# Visual Studio Version 17
VisualStudioVersion = 17.1.32421.90
MinimumVisualStudioVersion = 10.0.40219.1
Project("{FAE04EC0-301F-11D3-BF4B-00C04F79EFBC}") = "Bridge", "Bridge\Bridge.csproj", "{184FEC09-C848-4705-8ED5-B1A73488470F}"
EndProject
Global
	GlobalSection(SolutionConfigurationPlatforms) = preSolution
		Debug|Any CPU = Debug|Any CPU
		Release|Any CPU = Release|Any CPU
	EndGlobalSection
	GlobalSection(ProjectConfigurationPlatforms) = postSolution
		{184FEC09-C848-4705-8ED5-B1A73488470F}.Debug|Any CPU.ActiveCfg = Debug|Any CPU
		{184FEC09-C848-4705-8ED5-B1A73488470F}.Debug|Any CPU.Build.0 = Debug|Any CPU
		{184FEC09-C848-4705-8ED5-B1A73488470F}.Release|Any CPU.ActiveCfg = Release|Any CPU
		{184FEC09-C848-4705-8ED5-B1A73488470F}.Release|Any CPU.Build.0 = Release|Any CPU
	EndGlobalSection
	GlobalSection(SolutionProperties) = preSolution
		HideSolutionNode = FALSE
	EndGlobalSection
	GlobalSection(ExtensibilityGlobals) = postSolution
		SolutionGuid = {F05E4953-2CB8-48B3-B6F7-621BC826CC48}
	EndGlobalSection
EndGlobal
